// !$*UTF8*$!
{
	archiveVersion = 1;
	classes = {
	};
	objectVersion = 56;
	objects = {

/* Begin PBXBuildFile section */
		8CCE02D229AEE32E00472E1E /* AppDelegate.swift in Sources */ = {isa = PBXBuildFile; fileRef = 8CCE02D129AEE32E00472E1E /* AppDelegate.swift */; };
		8CCE02D429AEE32E00472E1E /* SceneDelegate.swift in Sources */ = {isa = PBXBuildFile; fileRef = 8CCE02D329AEE32E00472E1E /* SceneDelegate.swift */; };
		8CCE02D629AEE32E00472E1E /* ViewController.swift in Sources */ = {isa = PBXBuildFile; fileRef = 8CCE02D529AEE32E00472E1E /* ViewController.swift */; };
		8CCE02D929AEE32E00472E1E /* Main.storyboard in Resources */ = {isa = PBXBuildFile; fileRef = 8CCE02D729AEE32E00472E1E /* Main.storyboard */; };
		8CCE02DC29AEE32E00472E1E /* mvvm.xcdatamodeld in Sources */ = {isa = PBXBuildFile; fileRef = 8CCE02DA29AEE32E00472E1E /* mvvm.xcdatamodeld */; };
		8CCE02DE29AEE33100472E1E /* Assets.xcassets in Resources */ = {isa = PBXBuildFile; fileRef = 8CCE02DD29AEE33100472E1E /* Assets.xcassets */; };
		8CCE02E129AEE33100472E1E /* LaunchScreen.storyboard in Resources */ = {isa = PBXBuildFile; fileRef = 8CCE02DF29AEE33100472E1E /* LaunchScreen.storyboard */; };
		8CCE02EC29AEE33100472E1E /* mvvmTests.swift in Sources */ = {isa = PBXBuildFile; fileRef = 8CCE02EB29AEE33100472E1E /* mvvmTests.swift */; };
		8CCE02F629AEE33100472E1E /* mvvmUITests.swift in Sources */ = {isa = PBXBuildFile; fileRef = 8CCE02F529AEE33100472E1E /* mvvmUITests.swift */; };
		8CCE02F829AEE33100472E1E /* mvvmUITestsLaunchTests.swift in Sources */ = {isa = PBXBuildFile; fileRef = 8CCE02F729AEE33100472E1E /* mvvmUITestsLaunchTests.swift */; };
/* End PBXBuildFile section */

/* Begin PBXContainerItemProxy section */
		8CCE02E829AEE33100472E1E /* PBXContainerItemProxy */ = {
			isa = PBXContainerItemProxy;
			containerPortal = 8CCE02C629AEE32E00472E1E /* Project object */;
			proxyType = 1;
			remoteGlobalIDString = 8CCE02CD29AEE32E00472E1E;
			remoteInfo = mvvm;
		};
		8CCE02F229AEE33100472E1E /* PBXContainerItemProxy */ = {
			isa = PBXContainerItemProxy;
			containerPortal = 8CCE02C629AEE32E00472E1E /* Project object */;
			proxyType = 1;
			remoteGlobalIDString = 8CCE02CD29AEE32E00472E1E;
			remoteInfo = mvvm;
		};
/* End PBXContainerItemProxy section */

/* Begin PBXFileReference section */
		8CCE02CE29AEE32E00472E1E /* mvvm.app */ = {isa = PBXFileReference; explicitFileType = wrapper.application; includeInIndex = 0; path = mvvm.app; sourceTree = BUILT_PRODUCTS_DIR; };
		8CCE02D129AEE32E00472E1E /* AppDelegate.swift */ = {isa = PBXFileReference; lastKnownFileType = sourcecode.swift; path = AppDelegate.swift; sourceTree = "<group>"; };
		8CCE02D329AEE32E00472E1E /* SceneDelegate.swift */ = {isa = PBXFileReference; lastKnownFileType = sourcecode.swift; path = SceneDelegate.swift; sourceTree = "<group>"; };
		8CCE02D529AEE32E00472E1E /* ViewController.swift */ = {isa = PBXFileReference; lastKnownFileType = sourcecode.swift; path = ViewController.swift; sourceTree = "<group>"; };
		8CCE02D829AEE32E00472E1E /* Base */ = {isa = PBXFileReference; lastKnownFileType = file.storyboard; name = Base; path = Base.lproj/Main.storyboard; sourceTree = "<group>"; };
		8CCE02DB29AEE32E00472E1E /* mvvm.xcdatamodel */ = {isa = PBXFileReference; lastKnownFileType = wrapper.xcdatamodel; path = mvvm.xcdatamodel; sourceTree = "<group>"; };
		8CCE02DD29AEE33100472E1E /* Assets.xcassets */ = {isa = PBXFileReference; lastKnownFileType = folder.assetcatalog; path = Assets.xcassets; sourceTree = "<group>"; };
		8CCE02E029AEE33100472E1E /* Base */ = {isa = PBXFileReference; lastKnownFileType = file.storyboard; name = Base; path = Base.lproj/LaunchScreen.storyboard; sourceTree = "<group>"; };
		8CCE02E229AEE33100472E1E /* Info.plist */ = {isa = PBXFileReference; lastKnownFileType = text.plist.xml; path = Info.plist; sourceTree = "<group>"; };
		8CCE02E729AEE33100472E1E /* mvvmTests.xctest */ = {isa = PBXFileReference; explicitFileType = wrapper.cfbundle; includeInIndex = 0; path = mvvmTests.xctest; sourceTree = BUILT_PRODUCTS_DIR; };
		8CCE02EB29AEE33100472E1E /* mvvmTests.swift */ = {isa = PBXFileReference; lastKnownFileType = sourcecode.swift; path = mvvmTests.swift; sourceTree = "<group>"; };
		8CCE02F129AEE33100472E1E /* mvvmUITests.xctest */ = {isa = PBXFileReference; explicitFileType = wrapper.cfbundle; includeInIndex = 0; path = mvvmUITests.xctest; sourceTree = BUILT_PRODUCTS_DIR; };
		8CCE02F529AEE33100472E1E /* mvvmUITests.swift */ = {isa = PBXFileReference; lastKnownFileType = sourcecode.swift; path = mvvmUITests.swift; sourceTree = "<group>"; };
		8CCE02F729AEE33100472E1E /* mvvmUITestsLaunchTests.swift */ = {isa = PBXFileReference; lastKnownFileType = sourcecode.swift; path = mvvmUITestsLaunchTests.swift; sourceTree = "<group>"; };
/* End PBXFileReference section */

/* Begin PBXFrameworksBuildPhase section */
		8CCE02CB29AEE32E00472E1E /* Frameworks */ = {
			isa = PBXFrameworksBuildPhase;
			buildActionMask = 2147483647;
			files = (
			);
			runOnlyForDeploymentPostprocessing = 0;
		};
		8CCE02E429AEE33100472E1E /* Frameworks */ = {
			isa = PBXFrameworksBuildPhase;
			buildActionMask = 2147483647;
			files = (
			);
			runOnlyForDeploymentPostprocessing = 0;
		};
		8CCE02EE29AEE33100472E1E /* Frameworks */ = {
			isa = PBXFrameworksBuildPhase;
			buildActionMask = 2147483647;
			files = (
			);
			runOnlyForDeploymentPostprocessing = 0;
		};
/* End PBXFrameworksBuildPhase section */

/* Begin PBXGroup section */
		8CCE02C529AEE32E00472E1E = {
			isa = PBXGroup;
			children = (
				8CCE02D029AEE32E00472E1E /* mvvm */,
				8CCE02EA29AEE33100472E1E /* mvvmTests */,
				8CCE02F429AEE33100472E1E /* mvvmUITests */,
				8CCE02CF29AEE32E00472E1E /* Products */,
			);
			sourceTree = "<group>";
		};
		8CCE02CF29AEE32E00472E1E /* Products */ = {
			isa = PBXGroup;
			children = (
				8CCE02CE29AEE32E00472E1E /* mvvm.app */,
				8CCE02E729AEE33100472E1E /* mvvmTests.xctest */,
				8CCE02F129AEE33100472E1E /* mvvmUITests.xctest */,
			);
			name = Products;
			sourceTree = "<group>";
		};
		8CCE02D029AEE32E00472E1E /* mvvm */ = {
			isa = PBXGroup;
			children = (
				8CCE02D129AEE32E00472E1E /* AppDelegate.swift */,
				8CCE02D329AEE32E00472E1E /* SceneDelegate.swift */,
				8CCE02D529AEE32E00472E1E /* ViewController.swift */,
				8CCE02D729AEE32E00472E1E /* Main.storyboard */,
				8CCE02DD29AEE33100472E1E /* Assets.xcassets */,
				8CCE02DF29AEE33100472E1E /* LaunchScreen.storyboard */,
				8CCE02E229AEE33100472E1E /* Info.plist */,
				8CCE02DA29AEE32E00472E1E /* mvvm.xcdatamodeld */,
			);
			path = mvvm;
			sourceTree = "<group>";
		};
		8CCE02EA29AEE33100472E1E /* mvvmTests */ = {
			isa = PBXGroup;
			children = (
				8CCE02EB29AEE33100472E1E /* mvvmTests.swift */,
			);
			path = mvvmTests;
			sourceTree = "<group>";
		};
		8CCE02F429AEE33100472E1E /* mvvmUITests */ = {
			isa = PBXGroup;
			children = (
				8CCE02F529AEE33100472E1E /* mvvmUITests.swift */,
				8CCE02F729AEE33100472E1E /* mvvmUITestsLaunchTests.swift */,
			);
			path = mvvmUITests;
			sourceTree = "<group>";
		};
/* End PBXGroup section */

/* Begin PBXNativeTarget section */
		8CCE02CD29AEE32E00472E1E /* mvvm */ = {
			isa = PBXNativeTarget;
			buildConfigurationList = 8CCE02FB29AEE33100472E1E /* Build configuration list for PBXNativeTarget "mvvm" */;
			buildPhases = (
				8CCE02CA29AEE32E00472E1E /* Sources */,
				8CCE02CB29AEE32E00472E1E /* Frameworks */,
				8CCE02CC29AEE32E00472E1E /* Resources */,
			);
			buildRules = (
			);
			dependencies = (
			);
			name = mvvm;
			productName = mvvm;
			productReference = 8CCE02CE29AEE32E00472E1E /* mvvm.app */;
			productType = "com.apple.product-type.application";
		};
		8CCE02E629AEE33100472E1E /* mvvmTests */ = {
			isa = PBXNativeTarget;
			buildConfigurationList = 8CCE02FE29AEE33100472E1E /* Build configuration list for PBXNativeTarget "mvvmTests" */;
			buildPhases = (
				8CCE02E329AEE33100472E1E /* Sources */,
				8CCE02E429AEE33100472E1E /* Frameworks */,
				8CCE02E529AEE33100472E1E /* Resources */,
			);
			buildRules = (
			);
			dependencies = (
				8CCE02E929AEE33100472E1E /* PBXTargetDependency */,
			);
			name = mvvmTests;
			productName = mvvmTests;
			productReference = 8CCE02E729AEE33100472E1E /* mvvmTests.xctest */;
			productType = "com.apple.product-type.bundle.unit-test";
		};
		8CCE02F029AEE33100472E1E /* mvvmUITests */ = {
			isa = PBXNativeTarget;
			buildConfigurationList = 8CCE030129AEE33100472E1E /* Build configuration list for PBXNativeTarget "mvvmUITests" */;
			buildPhases = (
				8CCE02ED29AEE33100472E1E /* Sources */,
				8CCE02EE29AEE33100472E1E /* Frameworks */,
				8CCE02EF29AEE33100472E1E /* Resources */,
			);
			buildRules = (
			);
			dependencies = (
				8CCE02F329AEE33100472E1E /* PBXTargetDependency */,
			);
			name = mvvmUITests;
			productName = mvvmUITests;
			productReference = 8CCE02F129AEE33100472E1E /* mvvmUITests.xctest */;
			productType = "com.apple.product-type.bundle.ui-testing";
		};
/* End PBXNativeTarget section */

/* Begin PBXProject section */
		8CCE02C629AEE32E00472E1E /* Project object */ = {
			isa = PBXProject;
			attributes = {
				BuildIndependentTargetsInParallel = 1;
				LastSwiftUpdateCheck = 1420;
				LastUpgradeCheck = 1420;
				TargetAttributes = {
					8CCE02CD29AEE32E00472E1E = {
						CreatedOnToolsVersion = 14.2;
					};
					8CCE02E629AEE33100472E1E = {
						CreatedOnToolsVersion = 14.2;
						TestTargetID = 8CCE02CD29AEE32E00472E1E;
					};
					8CCE02F029AEE33100472E1E = {
						CreatedOnToolsVersion = 14.2;
						TestTargetID = 8CCE02CD29AEE32E00472E1E;
					};
				};
			};
			buildConfigurationList = 8CCE02C929AEE32E00472E1E /* Build configuration list for PBXProject "mvvm" */;
			compatibilityVersion = "Xcode 14.0";
			developmentRegion = en;
			hasScannedForEncodings = 0;
			knownRegions = (
				en,
				Base,
			);
			mainGroup = 8CCE02C529AEE32E00472E1E;
			productRefGroup = 8CCE02CF29AEE32E00472E1E /* Products */;
			projectDirPath = "";
			projectRoot = "";
			targets = (
				8CCE02CD29AEE32E00472E1E /* mvvm */,
				8CCE02E629AEE33100472E1E /* mvvmTests */,
				8CCE02F029AEE33100472E1E /* mvvmUITests */,
			);
		};
/* End PBXProject section */

/* Begin PBXResourcesBuildPhase section */
		8CCE02CC29AEE32E00472E1E /* Resources */ = {
			isa = PBXResourcesBuildPhase;
			buildActionMask = 2147483647;
			files = (
				8CCE02E129AEE33100472E1E /* LaunchScreen.storyboard in Resources */,
				8CCE02DE29AEE33100472E1E /* Assets.xcassets in Resources */,
				8CCE02D929AEE32E00472E1E /* Main.storyboard in Resources */,
			);
			runOnlyForDeploymentPostprocessing = 0;
		};
		8CCE02E529AEE33100472E1E /* Resources */ = {
			isa = PBXResourcesBuildPhase;
			buildActionMask = 2147483647;
			files = (
			);
			runOnlyForDeploymentPostprocessing = 0;
		};
		8CCE02EF29AEE33100472E1E /* Resources */ = {
			isa = PBXResourcesBuildPhase;
			buildActionMask = 2147483647;
			files = (
			);
			runOnlyForDeploymentPostprocessing = 0;
		};
/* End PBXResourcesBuildPhase section */

/* Begin PBXSourcesBuildPhase section */
		8CCE02CA29AEE32E00472E1E /* Sources */ = {
			isa = PBXSourcesBuildPhase;
			buildActionMask = 2147483647;
			files = (
				8CCE02D629AEE32E00472E1E /* ViewController.swift in Sources */,
				8CCE02D229AEE32E00472E1E /* AppDelegate.swift in Sources */,
				8CCE02D429AEE32E00472E1E /* SceneDelegate.swift in Sources */,
				8CCE02DC29AEE32E00472E1E /* mvvm.xcdatamodeld in Sources */,
			);
			runOnlyForDeploymentPostprocessing = 0;
		};
		8CCE02E329AEE33100472E1E /* Sources */ = {
			isa = PBXSourcesBuildPhase;
			buildActionMask = 2147483647;
			files = (
				8CCE02EC29AEE33100472E1E /* mvvmTests.swift in Sources */,
			);
			runOnlyForDeploymentPostprocessing = 0;
		};
		8CCE02ED29AEE33100472E1E /* Sources */ = {
			isa = PBXSourcesBuildPhase;
			buildActionMask = 2147483647;
			files = (
				8CCE02F829AEE33100472E1E /* mvvmUITestsLaunchTests.swift in Sources */,
				8CCE02F629AEE33100472E1E /* mvvmUITests.swift in Sources */,
			);
			runOnlyForDeploymentPostprocessing = 0;
		};
/* End PBXSourcesBuildPhase section */

/* Begin PBXTargetDependency section */
		8CCE02E929AEE33100472E1E /* PBXTargetDependency */ = {
			isa = PBXTargetDependency;
			target = 8CCE02CD29AEE32E00472E1E /* mvvm */;
			targetProxy = 8CCE02E829AEE33100472E1E /* PBXContainerItemProxy */;
		};
		8CCE02F329AEE33100472E1E /* PBXTargetDependency */ = {
			isa = PBXTargetDependency;
			target = 8CCE02CD29AEE32E00472E1E /* mvvm */;
			targetProxy = 8CCE02F229AEE33100472E1E /* PBXContainerItemProxy */;
		};
/* End PBXTargetDependency section */

/* Begin PBXVariantGroup section */
		8CCE02D729AEE32E00472E1E /* Main.storyboard */ = {
			isa = PBXVariantGroup;
			children = (
				8CCE02D829AEE32E00472E1E /* Base */,
			);
			name = Main.storyboard;
			sourceTree = "<group>";
		};
		8CCE02DF29AEE33100472E1E /* LaunchScreen.storyboard */ = {
			isa = PBXVariantGroup;
			children = (
				8CCE02E029AEE33100472E1E /* Base */,
			);
			name = LaunchScreen.storyboard;
			sourceTree = "<group>";
		};
/* End PBXVariantGroup section */

/* Begin XCBuildConfiguration section */
		8CCE02F929AEE33100472E1E /* Debug */ = {
			isa = XCBuildConfiguration;
			buildSettings = {
				ALWAYS_SEARCH_USER_PATHS = NO;
				CLANG_ANALYZER_NONNULL = YES;
				CLANG_ANALYZER_NUMBER_OBJECT_CONVERSION = YES_AGGRESSIVE;
				CLANG_CXX_LANGUAGE_STANDARD = "gnu++20";
				CLANG_ENABLE_MODULES = YES;
				CLANG_ENABLE_OBJC_ARC = YES;
				CLANG_ENABLE_OBJC_WEAK = YES;
				CLANG_WARN_BLOCK_CAPTURE_AUTORELEASING = YES;
				CLANG_WARN_BOOL_CONVERSION = YES;
				CLANG_WARN_COMMA = YES;
				CLANG_WARN_CONSTANT_CONVERSION = YES;
				CLANG_WARN_DEPRECATED_OBJC_IMPLEMENTATIONS = YES;
				CLANG_WARN_DIRECT_OBJC_ISA_USAGE = YES_ERROR;
				CLANG_WARN_DOCUMENTATION_COMMENTS = YES;
				CLANG_WARN_EMPTY_BODY = YES;
				CLANG_WARN_ENUM_CONVERSION = YES;
				CLANG_WARN_INFINITE_RECURSION = YES;
				CLANG_WARN_INT_CONVERSION = YES;
				CLANG_WARN_NON_LITERAL_NULL_CONVERSION = YES;
				CLANG_WARN_OBJC_IMPLICIT_RETAIN_SELF = YES;
				CLANG_WARN_OBJC_LITERAL_CONVERSION = YES;
				CLANG_WARN_OBJC_ROOT_CLASS = YES_ERROR;
				CLANG_WARN_QUOTED_INCLUDE_IN_FRAMEWORK_HEADER = YES;
				CLANG_WARN_RANGE_LOOP_ANALYSIS = YES;
				CLANG_WARN_STRICT_PROTOTYPES = YES;
				CLANG_WARN_SUSPICIOUS_MOVE = YES;
				CLANG_WARN_UNGUARDED_AVAILABILITY = YES_AGGRESSIVE;
				CLANG_WARN_UNREACHABLE_CODE = YES;
				CLANG_WARN__DUPLICATE_METHOD_MATCH = YES;
				COPY_PHASE_STRIP = NO;
				DEBUG_INFORMATION_FORMAT = dwarf;
				ENABLE_STRICT_OBJC_MSGSEND = YES;
				ENABLE_TESTABILITY = YES;
				GCC_C_LANGUAGE_STANDARD = gnu11;
				GCC_DYNAMIC_NO_PIC = NO;
				GCC_NO_COMMON_BLOCKS = YES;
				GCC_OPTIMIZATION_LEVEL = 0;
				GCC_PREPROCESSOR_DEFINITIONS = (
					"DEBUG=1",
					"$(inherited)",
				);
				GCC_WARN_64_TO_32_BIT_CONVERSION = YES;
				GCC_WARN_ABOUT_RETURN_TYPE = YES_ERROR;
				GCC_WARN_UNDECLARED_SELECTOR = YES;
				GCC_WARN_UNINITIALIZED_AUTOS = YES_AGGRESSIVE;
				GCC_WARN_UNUSED_FUNCTION = YES;
				GCC_WARN_UNUSED_VARIABLE = YES;
				IPHONEOS_DEPLOYMENT_TARGET = 16.2;
				MTL_ENABLE_DEBUG_INFO = INCLUDE_SOURCE;
				MTL_FAST_MATH = YES;
				ONLY_ACTIVE_ARCH = YES;
				SDKROOT = iphoneos;
				SWIFT_ACTIVE_COMPILATION_CONDITIONS = DEBUG;
				SWIFT_OPTIMIZATION_LEVEL = "-Onone";
			};
			name = Debug;
		};
		8CCE02FA29AEE33100472E1E /* Release */ = {
			isa = XCBuildConfiguration;
			buildSettings = {
				ALWAYS_SEARCH_USER_PATHS = NO;
				CLANG_ANALYZER_NONNULL = YES;
				CLANG_ANALYZER_NUMBER_OBJECT_CONVERSION = YES_AGGRESSIVE;
				CLANG_CXX_LANGUAGE_STANDARD = "gnu++20";
				CLANG_ENABLE_MODULES = YES;
				CLANG_ENABLE_OBJC_ARC = YES;
				CLANG_ENABLE_OBJC_WEAK = YES;
				CLANG_WARN_BLOCK_CAPTURE_AUTORELEASING = YES;
				CLANG_WARN_BOOL_CONVERSION = YES;
				CLANG_WARN_COMMA = YES;
				CLANG_WARN_CONSTANT_CONVERSION = YES;
				CLANG_WARN_DEPRECATED_OBJC_IMPLEMENTATIONS = YES;
				CLANG_WARN_DIRECT_OBJC_ISA_USAGE = YES_ERROR;
				CLANG_WARN_DOCUMENTATION_COMMENTS = YES;
				CLANG_WARN_EMPTY_BODY = YES;
				CLANG_WARN_ENUM_CONVERSION = YES;
				CLANG_WARN_INFINITE_RECURSION = YES;
				CLANG_WARN_INT_CONVERSION = YES;
				CLANG_WARN_NON_LITERAL_NULL_CONVERSION = YES;
				CLANG_WARN_OBJC_IMPLICIT_RETAIN_SELF = YES;
				CLANG_WARN_OBJC_LITERAL_CONVERSION = YES;
				CLANG_WARN_OBJC_ROOT_CLASS = YES_ERROR;
				CLANG_WARN_QUOTED_INCLUDE_IN_FRAMEWORK_HEADER = YES;
				CLANG_WARN_RANGE_LOOP_ANALYSIS = YES;
				CLANG_WARN_STRICT_PROTOTYPES = YES;
				CLANG_WARN_SUSPICIOUS_MOVE = YES;
				CLANG_WARN_UNGUARDED_AVAILABILITY = YES_AGGRESSIVE;
				CLANG_WARN_UNREACHABLE_CODE = YES;
				CLANG_WARN__DUPLICATE_METHOD_MATCH = YES;
				COPY_PHASE_STRIP = NO;
				DEBUG_INFORMATION_FORMAT = "dwarf-with-dsym";
				ENABLE_NS_ASSERTIONS = NO;
				ENABLE_STRICT_OBJC_MSGSEND = YES;
				GCC_C_LANGUAGE_STANDARD = gnu11;
				GCC_NO_COMMON_BLOCKS = YES;
				GCC_WARN_64_TO_32_BIT_CONVERSION = YES;
				GCC_WARN_ABOUT_RETURN_TYPE = YES_ERROR;
				GCC_WARN_UNDECLARED_SELECTOR = YES;
				GCC_WARN_UNINITIALIZED_AUTOS = YES_AGGRESSIVE;
				GCC_WARN_UNUSED_FUNCTION = YES;
				GCC_WARN_UNUSED_VARIABLE = YES;
				IPHONEOS_DEPLOYMENT_TARGET = 16.2;
				MTL_ENABLE_DEBUG_INFO = NO;
				MTL_FAST_MATH = YES;
				SDKROOT = iphoneos;
				SWIFT_COMPILATION_MODE = wholemodule;
				SWIFT_OPTIMIZATION_LEVEL = "-O";
				VALIDATE_PRODUCT = YES;
			};
			name = Release;
		};
		8CCE02FC29AEE33100472E1E /* Debug */ = {
			isa = XCBuildConfiguration;
			buildSettings = {
				ASSETCATALOG_COMPILER_APPICON_NAME = AppIcon;
				ASSETCATALOG_COMPILER_GLOBAL_ACCENT_COLOR_NAME = AccentColor;
				CODE_SIGN_STYLE = Automatic;
				CURRENT_PROJECT_VERSION = 1;
				DEVELOPMENT_TEAM = 3ZDZCPLK3S;
				GENERATE_INFOPLIST_FILE = YES;
				INFOPLIST_FILE = mvvm/Info.plist;
				INFOPLIST_KEY_UIApplicationSupportsIndirectInputEvents = YES;
				INFOPLIST_KEY_UILaunchStoryboardName = LaunchScreen;
				INFOPLIST_KEY_UIMainStoryboardFile = Main;
				INFOPLIST_KEY_UISupportedInterfaceOrientations_iPad = "UIInterfaceOrientationPortrait UIInterfaceOrientationPortraitUpsideDown UIInterfaceOrientationLandscapeLeft UIInterfaceOrientationLandscapeRight";
				INFOPLIST_KEY_UISupportedInterfaceOrientations_iPhone = "UIInterfaceOrientationPortrait UIInterfaceOrientationLandscapeLeft UIInterfaceOrientationLandscapeRight";
				LD_RUNPATH_SEARCH_PATHS = (
					"$(inherited)",
					"@executable_path/Frameworks",
				);
				MARKETING_VERSION = 1.0;
				PRODUCT_BUNDLE_IDENTIFIER = com.robert.coding.mvvm;
				PRODUCT_NAME = "$(TARGET_NAME)";
				SWIFT_EMIT_LOC_STRINGS = YES;
				SWIFT_VERSION = 5.0;
				TARGETED_DEVICE_FAMILY = "1,2";
			};
			name = Debug;
		};
		8CCE02FD29AEE33100472E1E /* Release */ = {
			isa = XCBuildConfiguration;
			buildSettings = {
				ASSETCATALOG_COMPILER_APPICON_NAME = AppIcon;
				ASSETCATALOG_COMPILER_GLOBAL_ACCENT_COLOR_NAME = AccentColor;
				CODE_SIGN_STYLE = Automatic;
				CURRENT_PROJECT_VERSION = 1;
				DEVELOPMENT_TEAM = 3ZDZCPLK3S;
				GENERATE_INFOPLIST_FILE = YES;
				INFOPLIST_FILE = mvvm/Info.plist;
				INFOPLIST_KEY_UIApplicationSupportsIndirectInputEvents = YES;
				INFOPLIST_KEY_UILaunchStoryboardName = LaunchScreen;
				INFOPLIST_KEY_UIMainStoryboardFile = Main;
				INFOPLIST_KEY_UISupportedInterfaceOrientations_iPad = "UIInterfaceOrientationPortrait UIInterfaceOrientationPortraitUpsideDown UIInterfaceOrientationLandscapeLeft UIInterfaceOrientationLandscapeRight";
				INFOPLIST_KEY_UISupportedInterfaceOrientations_iPhone = "UIInterfaceOrientationPortrait UIInterfaceOrientationLandscapeLeft UIInterfaceOrientationLandscapeRight";
				LD_RUNPATH_SEARCH_PATHS = (
					"$(inherited)",
					"@executable_path/Frameworks",
				);
				MARKETING_VERSION = 1.0;
				PRODUCT_BUNDLE_IDENTIFIER = com.robert.coding.mvvm;
				PRODUCT_NAME = "$(TARGET_NAME)";
				SWIFT_EMIT_LOC_STRINGS = YES;
				SWIFT_VERSION = 5.0;
				TARGETED_DEVICE_FAMILY = "1,2";
			};
			name = Release;
		};
		8CCE02FF29AEE33100472E1E /* Debug */ = {
			isa = XCBuildConfiguration;
			buildSettings = {
				ALWAYS_EMBED_SWIFT_STANDARD_LIBRARIES = YES;
				BUNDLE_LOADER = "$(TEST_HOST)";
				CODE_SIGN_STYLE = Automatic;
				CURRENT_PROJECT_VERSION = 1;
				DEVELOPMENT_TEAM = 3ZDZCPLK3S;
				GENERATE_INFOPLIST_FILE = YES;
				IPHONEOS_DEPLOYMENT_TARGET = 16.2;
				MARKETING_VERSION = 1.0;
				PRODUCT_BUNDLE_IDENTIFIER = com.robert.coding.mvvmTests;
				PRODUCT_NAME = "$(TARGET_NAME)";
				SWIFT_EMIT_LOC_STRINGS = NO;
				SWIFT_VERSION = 5.0;
				TARGETED_DEVICE_FAMILY = "1,2";
				TEST_HOST = "$(BUILT_PRODUCTS_DIR)/mvvm.app/$(BUNDLE_EXECUTABLE_FOLDER_PATH)/mvvm";
			};
			name = Debug;
		};
		8CCE030029AEE33100472E1E /* Release */ = {
			isa = XCBuildConfiguration;
			buildSettings = {
				ALWAYS_EMBED_SWIFT_STANDARD_LIBRARIES = YES;
				BUNDLE_LOADER = "$(TEST_HOST)";
				CODE_SIGN_STYLE = Automatic;
				CURRENT_PROJECT_VERSION = 1;
				DEVELOPMENT_TEAM = 3ZDZCPLK3S;
				GENERATE_INFOPLIST_FILE = YES;
				IPHONEOS_DEPLOYMENT_TARGET = 16.2;
				MARKETING_VERSION = 1.0;
				PRODUCT_BUNDLE_IDENTIFIER = com.robert.coding.mvvmTests;
				PRODUCT_NAME = "$(TARGET_NAME)";
				SWIFT_EMIT_LOC_STRINGS = NO;
				SWIFT_VERSION = 5.0;
				TARGETED_DEVICE_FAMILY = "1,2";
				TEST_HOST = "$(BUILT_PRODUCTS_DIR)/mvvm.app/$(BUNDLE_EXECUTABLE_FOLDER_PATH)/mvvm";
			};
			name = Release;
		};
		8CCE030229AEE33100472E1E /* Debug */ = {
			isa = XCBuildConfiguration;
			buildSettings = {
				ALWAYS_EMBED_SWIFT_STANDARD_LIBRARIES = YES;
				CODE_SIGN_STYLE = Automatic;
				CURRENT_PROJECT_VERSION = 1;
				DEVELOPMENT_TEAM = 3ZDZCPLK3S;
				GENERATE_INFOPLIST_FILE = YES;
				MARKETING_VERSION = 1.0;
				PRODUCT_BUNDLE_IDENTIFIER = com.robert.coding.mvvmUITests;
				PRODUCT_NAME = "$(TARGET_NAME)";
				SWIFT_EMIT_LOC_STRINGS = NO;
				SWIFT_VERSION = 5.0;
				TARGETED_DEVICE_FAMILY = "1,2";
				TEST_TARGET_NAME = mvvm;
			};
			name = Debug;
		};
		8CCE030329AEE33100472E1E /* Release */ = {
			isa = XCBuildConfiguration;
			buildSettings = {
				ALWAYS_EMBED_SWIFT_STANDARD_LIBRARIES = YES;
				CODE_SIGN_STYLE = Automatic;
				CURRENT_PROJECT_VERSION = 1;
				DEVELOPMENT_TEAM = 3ZDZCPLK3S;
				GENERATE_INFOPLIST_FILE = YES;
				MARKETING_VERSION = 1.0;
				PRODUCT_BUNDLE_IDENTIFIER = com.robert.coding.mvvmUITests;
				PRODUCT_NAME = "$(TARGET_NAME)";
				SWIFT_EMIT_LOC_STRINGS = NO;
				SWIFT_VERSION = 5.0;
				TARGETED_DEVICE_FAMILY = "1,2";
				TEST_TARGET_NAME = mvvm;
			};
			name = Release;
		};
/* End XCBuildConfiguration section */

/* Begin XCConfigurationList section */
		8CCE02C929AEE32E00472E1E /* Build configuration list for PBXProject "mvvm" */ = {
			isa = XCConfigurationList;
			buildConfigurations = (
				8CCE02F929AEE33100472E1E /* Debug */,
				8CCE02FA29AEE33100472E1E /* Release */,
			);
			defaultConfigurationIsVisible = 0;
			defaultConfigurationName = Release;
		};
		8CCE02FB29AEE33100472E1E /* Build configuration list for PBXNativeTarget "mvvm" */ = {
			isa = XCConfigurationList;
			buildConfigurations = (
				8CCE02FC29AEE33100472E1E /* Debug */,
				8CCE02FD29AEE33100472E1E /* Release */,
			);
			defaultConfigurationIsVisible = 0;
			defaultConfigurationName = Release;
		};
		8CCE02FE29AEE33100472E1E /* Build configuration list for PBXNativeTarget "mvvmTests" */ = {
			isa = XCConfigurationList;
			buildConfigurations = (
				8CCE02FF29AEE33100472E1E /* Debug */,
				8CCE030029AEE33100472E1E /* Release */,
			);
			defaultConfigurationIsVisible = 0;
			defaultConfigurationName = Release;
		};
		8CCE030129AEE33100472E1E /* Build configuration list for PBXNativeTarget "mvvmUITests" */ = {
			isa = XCConfigurationList;
			buildConfigurations = (
				8CCE030229AEE33100472E1E /* Debug */,
				8CCE030329AEE33100472E1E /* Release */,
			);
			defaultConfigurationIsVisible = 0;
			defaultConfigurationName = Release;
		};
/* End XCConfigurationList section */

/* Begin XCVersionGroup section */
		8CCE02DA29AEE32E00472E1E /* mvvm.xcdatamodeld */ = {
			isa = XCVersionGroup;
			children = (
				8CCE02DB29AEE32E00472E1E /* mvvm.xcdatamodel */,
			);
			currentVersion = 8CCE02DB29AEE32E00472E1E /* mvvm.xcdatamodel */;
			path = mvvm.xcdatamodeld;
			sourceTree = "<group>";
			versionGroupType = wrapper.xcdatamodel;
		};
/* End XCVersionGroup section */
	};
	rootObject = 8CCE02C629AEE32E00472E1E /* Project object */;
}
